{
  "lockfileVersion": 1,
  "workspaces": {
    "": {
      "name": "turma-foverlay",
      "dependencies": {
        "@mentra/miniapp": "file:vendor/mentra-miniapp-0.3.0-dev.1.tgz",
      },
      "devDependencies": {
        "bun-types": "^1.3.14",
        "typescript": "^5.6",
      },
    },
  },
  "overrides": {
    "@mentra/cloud-protocol": "file:vendor/mentra-cloud-protocol-0.1.0-dev.0.tgz",
  },
  "packages": {
    "@mentra/cloud-protocol": ["@mentra/cloud-protocol@vendor/mentra-cloud-protocol-0.1.0-dev.0.tgz", { "dependencies": { "zod": "^3.24.1" } }],

    "@mentra/miniapp": ["@mentra/miniapp@vendor/mentra-miniapp-0.3.0-dev.1.tgz", { "dependencies": { "@mentra/cloud-protocol": "*", "@mentra/types": "1.0.0-beta.2", "eventemitter3": "^5.0.1" }, "peerDependencies": { "react": ">=18.0.0" }, "optionalPeers": ["react"] }],

    "@mentra/types": ["@mentra/types@1.0.0-beta.2", "", {}, "sha512-yn0H7oYId8TSOGlSDmstds4nnmZbXyDncFy3FC1h4dWpDx6o4BmBehAJd2Otp9gr1bWwIL0yEp6JK60I8TBUGw=="],

    "@types/node": ["@types/node@26.1.2", "", { "dependencies": { "undici-types": "~8.3.0" } }, "sha512-Vu4a5UFA9rIIFJ7rB/Vaafh9lrCQszopTCx6KjFboXTGQbPNasehVR5TEiithSDGyd1DEiUByggTZsg8jukeIg=="],

    "bun-types": ["bun-types@1.3.14", "", { "dependencies": { "@types/node": "*" } }, "sha512-4N0ig0fEomHt5R0KCFWjovxow98rIoRwKolrYdCcknNwMekCXRnWEUvgu5soYV8QXtVsrUD8B95MBOZGPvr6KQ=="],

    "eventemitter3": ["eventemitter3@5.0.4", "", {}, "sha512-mlsTRyGaPBjPedk6Bvw+aqbsXDtoAyAzm5MO7JgU+yVRyMQ5O8bD4Kcci7BS85f93veegeCPkL8R4GLClnjLFw=="],

    "typescript": ["typescript@5.9.3", "", { "bin": { "tsc": "bin/tsc", "tsserver": "bin/tsserver" } }, "sha512-jl1vZzPDinLr9eUt3J/t7V6FgNEw9QjvBPdysz9KfQDD41fQrC2Y4vKQdiaUpFT4bXlb1RHhLpp8wtm6M5TgSw=="],

    "undici-types": ["undici-types@8.3.0", "", {}, "sha512-j375ScV60dom+YkPFIfTLcOiPxkN/buHz5GobjLhixFuANaNs3C9l4GmrWqejgXWJ7BbJcFYpTEUkS1Ge8bpZQ=="],

    "zod": ["zod@3.25.76", "", {}, "sha512-gzUt/qt81nXsFGKIFcC3YnfEAx5NkunCfnDlvuBSSFS02bcXu4Lmea0AFIUwbLWxWPx3d9p8S5QoaujKcNQxcQ=="],
  }
}
